
Microsoft Visual Studio Solution File, Format Version 12.00
# Visual Studio Version 17
VisualStudioVersion = 17.0.31903.59
MinimumVisualStudioVersion = 10.0.40219.1
Project("{2150E333-8FDC-42A3-9474-1A3956D46DE8}") = "Services", "Services", "{5854FF58-B8C5-05C6-5BF2-ACE42193F22B}"
EndProject
Project("{2150E333-8FDC-42A3-9474-1A3956D46DE8}") = "Identity", "Identity", "{357A7C97-5AE1-023F-1442-0D9F9AF22A31}"
EndProject
Project("{2150E333-8FDC-42A3-9474-1A3956D46DE8}") = "Catalog", "Catalog", "{944ACC7E-4FFC-A2A2-09E1-98A62C66F8DB}"
EndProject
Project("{FAE04EC0-301F-11D3-BF4B-00C04F79EFBC}") = "Innovo.Catalog.Api", "Services\Catalog\Innovo.Catalog.Api\Innovo.Catalog.Api.csproj", "{2119BF4C-4CC4-4A58-A362-7BBE8B2A4CEC}"
EndProject
Project("{FAE04EC0-301F-11D3-BF4B-00C04F79EFBC}") = "Innovo.Catalog.Domain", "Services\Catalog\Innovo.Catalog.Domain\Innovo.Catalog.Domain.csproj", "{F930D557-8A1E-4B0C-B0EF-B0F45181780B}"
EndProject
Project("{FAE04EC0-301F-11D3-BF4B-00C04F79EFBC}") = "Innovo.Catalog.Infrastructure", "Services\Catalog\Innovo.Catalog.Infrastructure\Innovo.Catalog.Infrastructure.csproj", "{490DB9F7-6045-49F9-B8D4-C2F2086EE99D}"
EndProject
Project("{FAE04EC0-301F-11D3-BF4B-00C04F79EFBC}") = "Innovo.Catalog.Tests", "Services\Catalog\Innovo.Catalog.Tests\Innovo.Catalog.Tests.csproj", "{8039DCA4-8EA3-437A-8571-A24DA7F4D762}"
EndProject
Project("{FAE04EC0-301F-11D3-BF4B-00C04F79EFBC}") = "Innovo.Identity.Domain", "Services\Identity\Innovo.Identity.Domain\Innovo.Identity.Domain.csproj", "{CAB06DDB-CE7A-48E6-B692-5ED1B9CF1DB5}"
EndProject
Project("{FAE04EC0-301F-11D3-BF4B-00C04F79EFBC}") = "Innovo.Identity.Infrastructure", "Services\Identity\Innovo.Identity.Infrastructure\Innovo.Identity.Infrastructure.csproj", "{0C969ED5-F937-4296-B050-13585F95C0A7}"
EndProject
Project("{FAE04EC0-301F-11D3-BF4B-00C04F79EFBC}") = "Innovo.Identity.Tests", "Services\Identity\Innovo.Identity.Tests\Innovo.Identity.Tests.csproj", "{2EA5B03B-9676-4955-BBCB-6F2752198544}"
EndProject
Project("{2150E333-8FDC-42A3-9474-1A3956D46DE8}") = "Blocks", "Blocks", "{02EA681E-C7D8-13C7-8484-4AC65E1B71E8}"
EndProject
Project("{2150E333-8FDC-42A3-9474-1A3956D46DE8}") = "ApiGateways", "ApiGateways", "{954BE48E-2F6C-4A6E-A944-9F43FDDD8A57}"
EndProject
Project("{2150E333-8FDC-42A3-9474-1A3956D46DE8}") = "Web", "Web", "{A52DAEF1-2E6B-4940-BE83-A87C6B26F777}"
EndProject
Project("{FAE04EC0-301F-11D3-BF4B-00C04F79EFBC}") = "Innovo.Identity.Api", "Services\Identity\Innovo.Identity.Api\Innovo.Identity.Api.csproj", "{C3F2870F-75E9-0CC5-4964-35BE147309F4}"
EndProject
Project("{E53339B2-1760-4266-BCC7-CA923CBCF16C}") = "docker-compose", "docker-compose.dcproj", "{81DDED9D-158B-E303-5F62-77A2896D2A5A}"
EndProject
Project("{FAE04EC0-301F-11D3-BF4B-00C04F79EFBC}") = "Innovo.Catalog.Contracts", "Services\Catalog\Innovo.Catalog.Contracts\Innovo.Catalog.Contracts.csproj", "{732F973D-65D1-4097-AD18-A1B5963B6B8B}"
EndProject
Global
	GlobalSection(SolutionConfigurationPlatforms) = preSolution
		Debug|Any CPU = Debug|Any CPU
		Debug|x64 = Debug|x64
		Debug|x86 = Debug|x86
		Release|Any CPU = Release|Any CPU
		Release|x64 = Release|x64
		Release|x86 = Release|x86
	EndGlobalSection
	GlobalSection(ProjectConfigurationPlatforms) = postSolution
		{2119BF4C-4CC4-4A58-A362-7BBE8B2A4CEC}.Debug|Any CPU.ActiveCfg = Debug|Any CPU
		{2119BF4C-4CC4-4A58-A362-7BBE8B2A4CEC}.Debug|Any CPU.Build.0 = Debug|Any CPU
		{2119BF4C-4CC4-4A58-A362-7BBE8B2A4CEC}.Debug|x64.ActiveCfg = Debug|Any CPU
		{2119BF4C-4CC4-4A58-A362-7BBE8B2A4CEC}.Debug|x64.Build.0 = Debug|Any CPU
		{2119BF4C-4CC4-4A58-A362-7BBE8B2A4CEC}.Debug|x86.ActiveCfg = Debug|Any CPU
		{2119BF4C-4CC4-4A58-A362-7BBE8B2A4CEC}.Debug|x86.Build.0 = Debug|Any CPU
		{2119BF4C-4CC4-4A58-A362-7BBE8B2A4CEC}.Release|Any CPU.ActiveCfg = Release|Any CPU
		{2119BF4C-4CC4-4A58-A362-7BBE8B2A4CEC}.Release|Any CPU.Build.0 = Release|Any CPU
		{2119BF4C-4CC4-4A58-A362-7BBE8B2A4CEC}.Release|x64.ActiveCfg = Release|Any CPU
		{2119BF4C-4CC4-4A58-A362-7BBE8B2A4CEC}.Release|x64.Build.0 = Release|Any CPU
		{2119BF4C-4CC4-4A58-A362-7BBE8B2A4CEC}.Release|x86.ActiveCfg = Release|Any CPU
		{2119BF4C-4CC4-4A58-A362-7BBE8B2A4CEC}.Release|x86.Build.0 = Release|Any CPU
		{F930D557-8A1E-4B0C-B0EF-B0F45181780B}.Debug|Any CPU.ActiveCfg = Debug|Any CPU
		{F930D557-8A1E-4B0C-B0EF-B0F45181780B}.Debug|Any CPU.Build.0 = Debug|Any CPU
		{F930D557-8A1E-4B0C-B0EF-B0F45181780B}.Debug|x64.ActiveCfg = Debug|Any CPU
		{F930D557-8A1E-4B0C-B0EF-B0F45181780B}.Debug|x64.Build.0 = Debug|Any CPU
		{F930D557-8A1E-4B0C-B0EF-B0F45181780B}.Debug|x86.ActiveCfg = Debug|Any CPU
		{F930D557-8A1E-4B0C-B0EF-B0F45181780B}.Debug|x86.Build.0 = Debug|Any CPU
		{F930D557-8A1E-4B0C-B0EF-B0F45181780B}.Release|Any CPU.ActiveCfg = Release|Any CPU
		{F930D557-8A1E-4B0C-B0EF-B0F45181780B}.Release|Any CPU.Build.0 = Release|Any CPU
		{F930D557-8A1E-4B0C-B0EF-B0F45181780B}.Release|x64.ActiveCfg = Release|Any CPU
		{F930D557-8A1E-4B0C-B0EF-B0F45181780B}.Release|x64.Build.0 = Release|Any CPU
		{F930D557-8A1E-4B0C-B0EF-B0F45181780B}.Release|x86.ActiveCfg = Release|Any CPU
		{F930D557-8A1E-4B0C-B0EF-B0F45181780B}.Release|x86.Build.0 = Release|Any CPU
		{490DB9F7-6045-49F9-B8D4-C2F2086EE99D}.Debug|Any CPU.ActiveCfg = Debug|Any CPU
		{490DB9F7-6045-49F9-B8D4-C2F2086EE99D}.Debug|Any CPU.Build.0 = Debug|Any CPU
		{490DB9F7-6045-49F9-B8D4-C2F2086EE99D}.Debug|x64.ActiveCfg = Debug|Any CPU
		{490DB9F7-6045-49F9-B8D4-C2F2086EE99D}.Debug|x64.Build.0 = Debug|Any CPU
		{490DB9F7-6045-49F9-B8D4-C2F2086EE99D}.Debug|x86.ActiveCfg = Debug|Any CPU
		{490DB9F7-6045-49F9-B8D4-C2F2086EE99D}.Debug|x86.Build.0 = Debug|Any CPU
		{490DB9F7-6045-49F9-B8D4-C2F2086EE99D}.Release|Any CPU.ActiveCfg = Release|Any CPU
		{490DB9F7-6045-49F9-B8D4-C2F2086EE99D}.Release|Any CPU.Build.0 = Release|Any CPU
		{490DB9F7-6045-49F9-B8D4-C2F2086EE99D}.Release|x64.ActiveCfg = Release|Any CPU
		{490DB9F7-6045-49F9-B8D4-C2F2086EE99D}.Release|x64.Build.0 = Release|Any CPU
		{490DB9F7-6045-49F9-B8D4-C2F2086EE99D}.Release|x86.ActiveCfg = Release|Any CPU
		{490DB9F7-6045-49F9-B8D4-C2F2086EE99D}.Release|x86.Build.0 = Release|Any CPU
		{8039DCA4-8EA3-437A-8571-A24DA7F4D762}.Debug|Any CPU.ActiveCfg = Debug|Any CPU
		{8039DCA4-8EA3-437A-8571-A24DA7F4D762}.Debug|Any CPU.Build.0 = Debug|Any CPU
		{8039DCA4-8EA3-437A-8571-A24DA7F4D762}.Debug|x64.ActiveCfg = Debug|Any CPU
		{8039DCA4-8EA3-437A-8571-A24DA7F4D762}.Debug|x64.Build.0 = Debug|Any CPU
		{8039DCA4-8EA3-437A-8571-A24DA7F4D762}.Debug|x86.ActiveCfg = Debug|Any CPU
		{8039DCA4-8EA3-437A-8571-A24DA7F4D762}.Debug|x86.Build.0 = Debug|Any CPU
		{8039DCA4-8EA3-437A-8571-A24DA7F4D762}.Release|Any CPU.ActiveCfg = Release|Any CPU
		{8039DCA4-8EA3-437A-8571-A24DA7F4D762}.Release|Any CPU.Build.0 = Release|Any CPU
		{8039DCA4-8EA3-437A-8571-A24DA7F4D762}.Release|x64.ActiveCfg = Release|Any CPU
		{8039DCA4-8EA3-437A-8571-A24DA7F4D762}.Release|x64.Build.0 = Release|Any CPU
		{8039DCA4-8EA3-437A-8571-A24DA7F4D762}.Release|x86.ActiveCfg = Release|Any CPU
		{8039DCA4-8EA3-437A-8571-A24DA7F4D762}.Release|x86.Build.0 = Release|Any CPU
		{CAB06DDB-CE7A-48E6-B692-5ED1B9CF1DB5}.Debug|Any CPU.ActiveCfg = Debug|Any CPU
		{CAB06DDB-CE7A-48E6-B692-5ED1B9CF1DB5}.Debug|Any CPU.Build.0 = Debug|Any CPU
		{CAB06DDB-CE7A-48E6-B692-5ED1B9CF1DB5}.Debug|x64.ActiveCfg = Debug|Any CPU
		{CAB06DDB-CE7A-48E6-B692-5ED1B9CF1DB5}.Debug|x64.Build.0 = Debug|Any CPU
		{CAB06DDB-CE7A-48E6-B692-5ED1B9CF1DB5}.Debug|x86.ActiveCfg = Debug|Any CPU
		{CAB06DDB-CE7A-48E6-B692-5ED1B9CF1DB5}.Debug|x86.Build.0 = Debug|Any CPU
		{CAB06DDB-CE7A-48E6-B692-5ED1B9CF1DB5}.Release|Any CPU.ActiveCfg = Release|Any CPU
		{CAB06DDB-CE7A-48E6-B692-5ED1B9CF1DB5}.Release|Any CPU.Build.0 = Release|Any CPU
		{CAB06DDB-CE7A-48E6-B692-5ED1B9CF1DB5}.Release|x64.ActiveCfg = Release|Any CPU
		{CAB06DDB-CE7A-48E6-B692-5ED1B9CF1DB5}.Release|x64.Build.0 = Release|Any CPU
		{CAB06DDB-CE7A-48E6-B692-5ED1B9CF1DB5}.Release|x86.ActiveCfg = Release|Any CPU
		{CAB06DDB-CE7A-48E6-B692-5ED1B9CF1DB5}.Release|x86.Build.0 = Release|Any CPU
		{0C969ED5-F937-4296-B050-13585F95C0A7}.Debug|Any CPU.ActiveCfg = Debug|Any CPU
		{0C969ED5-F937-4296-B050-13585F95C0A7}.Debug|Any CPU.Build.0 = Debug|Any CPU
		{0C969ED5-F937-4296-B050-13585F95C0A7}.Debug|x64.ActiveCfg = Debug|Any CPU
		{0C969ED5-F937-4296-B050-13585F95C0A7}.Debug|x64.Build.0 = Debug|Any CPU
		{0C969ED5-F937-4296-B050-13585F95C0A7}.Debug|x86.ActiveCfg = Debug|Any CPU
		{0C969ED5-F937-4296-B050-13585F95C0A7}.Debug|x86.Build.0 = Debug|Any CPU
		{0C969ED5-F937-4296-B050-13585F95C0A7}.Release|Any CPU.ActiveCfg = Release|Any CPU
		{0C969ED5-F937-4296-B050-13585F95C0A7}.Release|Any CPU.Build.0 = Release|Any CPU
		{0C969ED5-F937-4296-B050-13585F95C0A7}.Release|x64.ActiveCfg = Release|Any CPU
		{0C969ED5-F937-4296-B050-13585F95C0A7}.Release|x64.Build.0 = Release|Any CPU
		{0C969ED5-F937-4296-B050-13585F95C0A7}.Release|x86.ActiveCfg = Release|Any CPU
		{0C969ED5-F937-4296-B050-13585F95C0A7}.Release|x86.Build.0 = Release|Any CPU
		{2EA5B03B-9676-4955-BBCB-6F2752198544}.Debug|Any CPU.ActiveCfg = Debug|Any CPU
		{2EA5B03B-9676-4955-BBCB-6F2752198544}.Debug|Any CPU.Build.0 = Debug|Any CPU
		{2EA5B03B-9676-4955-BBCB-6F2752198544}.Debug|x64.ActiveCfg = Debug|Any CPU
		{2EA5B03B-9676-4955-BBCB-6F2752198544}.Debug|x64.Build.0 = Debug|Any CPU
		{2EA5B03B-9676-4955-BBCB-6F2752198544}.Debug|x86.ActiveCfg = Debug|Any CPU
		{2EA5B03B-9676-4955-BBCB-6F2752198544}.Debug|x86.Build.0 = Debug|Any CPU
		{2EA5B03B-9676-4955-BBCB-6F2752198544}.Release|Any CPU.ActiveCfg = Release|Any CPU
		{2EA5B03B-9676-4955-BBCB-6F2752198544}.Release|Any CPU.Build.0 = Release|Any CPU
		{2EA5B03B-9676-4955-BBCB-6F2752198544}.Release|x64.ActiveCfg = Release|Any CPU
		{2EA5B03B-9676-4955-BBCB-6F2752198544}.Release|x64.Build.0 = Release|Any CPU
		{2EA5B03B-9676-4955-BBCB-6F2752198544}.Release|x86.ActiveCfg = Release|Any CPU
		{2EA5B03B-9676-4955-BBCB-6F2752198544}.Release|x86.Build.0 = Release|Any CPU
		{C3F2870F-75E9-0CC5-4964-35BE147309F4}.Debug|Any CPU.ActiveCfg = Debug|Any CPU
		{C3F2870F-75E9-0CC5-4964-35BE147309F4}.Debug|Any CPU.Build.0 = Debug|Any CPU
		{C3F2870F-75E9-0CC5-4964-35BE147309F4}.Debug|x64.ActiveCfg = Debug|Any CPU
		{C3F2870F-75E9-0CC5-4964-35BE147309F4}.Debug|x64.Build.0 = Debug|Any CPU
		{C3F2870F-75E9-0CC5-4964-35BE147309F4}.Debug|x86.ActiveCfg = Debug|Any CPU
		{C3F2870F-75E9-0CC5-4964-35BE147309F4}.Debug|x86.Build.0 = Debug|Any CPU
		{C3F2870F-75E9-0CC5-4964-35BE147309F4}.Release|Any CPU.ActiveCfg = Release|Any CPU
		{C3F2870F-75E9-0CC5-4964-35BE147309F4}.Release|Any CPU.Build.0 = Release|Any CPU
		{C3F2870F-75E9-0CC5-4964-35BE147309F4}.Release|x64.ActiveCfg = Release|Any CPU
		{C3F2870F-75E9-0CC5-4964-35BE147309F4}.Release|x64.Build.0 = Release|Any CPU
		{C3F2870F-75E9-0CC5-4964-35BE147309F4}.Release|x86.ActiveCfg = Release|Any CPU
		{C3F2870F-75E9-0CC5-4964-35BE147309F4}.Release|x86.Build.0 = Release|Any CPU
		{81DDED9D-158B-E303-5F62-77A2896D2A5A}.Debug|Any CPU.ActiveCfg = Debug|Any CPU
		{81DDED9D-158B-E303-5F62-77A2896D2A5A}.Debug|Any CPU.Build.0 = Debug|Any CPU
		{81DDED9D-158B-E303-5F62-77A2896D2A5A}.Debug|x64.ActiveCfg = Debug|Any CPU
		{81DDED9D-158B-E303-5F62-77A2896D2A5A}.Debug|x64.Build.0 = Debug|Any CPU
		{81DDED9D-158B-E303-5F62-77A2896D2A5A}.Debug|x86.ActiveCfg = Debug|Any CPU
		{81DDED9D-158B-E303-5F62-77A2896D2A5A}.Debug|x86.Build.0 = Debug|Any CPU
		{81DDED9D-158B-E303-5F62-77A2896D2A5A}.Release|Any CPU.ActiveCfg = Release|Any CPU
		{81DDED9D-158B-E303-5F62-77A2896D2A5A}.Release|Any CPU.Build.0 = Release|Any CPU
		{81DDED9D-158B-E303-5F62-77A2896D2A5A}.Release|x64.ActiveCfg = Release|Any CPU
		{81DDED9D-158B-E303-5F62-77A2896D2A5A}.Release|x64.Build.0 = Release|Any CPU
		{81DDED9D-158B-E303-5F62-77A2896D2A5A}.Release|x86.ActiveCfg = Release|Any CPU
		{81DDED9D-158B-E303-5F62-77A2896D2A5A}.Release|x86.Build.0 = Release|Any CPU
		{732F973D-65D1-4097-AD18-A1B5963B6B8B}.Debug|Any CPU.ActiveCfg = Debug|Any CPU
		{732F973D-65D1-4097-AD18-A1B5963B6B8B}.Debug|Any CPU.Build.0 = Debug|Any CPU
		{732F973D-65D1-4097-AD18-A1B5963B6B8B}.Debug|x64.ActiveCfg = Debug|Any CPU
		{732F973D-65D1-4097-AD18-A1B5963B6B8B}.Debug|x64.Build.0 = Debug|Any CPU
		{732F973D-65D1-4097-AD18-A1B5963B6B8B}.Debug|x86.ActiveCfg = Debug|Any CPU
		{732F973D-65D1-4097-AD18-A1B5963B6B8B}.Debug|x86.Build.0 = Debug|Any CPU
		{732F973D-65D1-4097-AD18-A1B5963B6B8B}.Release|Any CPU.ActiveCfg = Release|Any CPU
		{732F973D-65D1-4097-AD18-A1B5963B6B8B}.Release|Any CPU.Build.0 = Release|Any CPU
		{732F973D-65D1-4097-AD18-A1B5963B6B8B}.Release|x64.ActiveCfg = Release|Any CPU
		{732F973D-65D1-4097-AD18-A1B5963B6B8B}.Release|x64.Build.0 = Release|Any CPU
		{732F973D-65D1-4097-AD18-A1B5963B6B8B}.Release|x86.ActiveCfg = Release|Any CPU
		{732F973D-65D1-4097-AD18-A1B5963B6B8B}.Release|x86.Build.0 = Release|Any CPU
	EndGlobalSection
	GlobalSection(SolutionProperties) = preSolution
		HideSolutionNode = FALSE
	EndGlobalSection
	GlobalSection(NestedProjects) = preSolution
		{357A7C97-5AE1-023F-1442-0D9F9AF22A31} = {5854FF58-B8C5-05C6-5BF2-ACE42193F22B}
		{944ACC7E-4FFC-A2A2-09E1-98A62C66F8DB} = {5854FF58-B8C5-05C6-5BF2-ACE42193F22B}
		{2119BF4C-4CC4-4A58-A362-7BBE8B2A4CEC} = {944ACC7E-4FFC-A2A2-09E1-98A62C66F8DB}
		{F930D557-8A1E-4B0C-B0EF-B0F45181780B} = {944ACC7E-4FFC-A2A2-09E1-98A62C66F8DB}
		{490DB9F7-6045-49F9-B8D4-C2F2086EE99D} = {944ACC7E-4FFC-A2A2-09E1-98A62C66F8DB}
		{8039DCA4-8EA3-437A-8571-A24DA7F4D762} = {944ACC7E-4FFC-A2A2-09E1-98A62C66F8DB}
		{CAB06DDB-CE7A-48E6-B692-5ED1B9CF1DB5} = {357A7C97-5AE1-023F-1442-0D9F9AF22A31}
		{0C969ED5-F937-4296-B050-13585F95C0A7} = {357A7C97-5AE1-023F-1442-0D9F9AF22A31}
		{2EA5B03B-9676-4955-BBCB-6F2752198544} = {357A7C97-5AE1-023F-1442-0D9F9AF22A31}
		{C3F2870F-75E9-0CC5-4964-35BE147309F4} = {357A7C97-5AE1-023F-1442-0D9F9AF22A31}
		{732F973D-65D1-4097-AD18-A1B5963B6B8B} = {944ACC7E-4FFC-A2A2-09E1-98A62C66F8DB}
	EndGlobalSection
	GlobalSection(ExtensibilityGlobals) = postSolution
		SolutionGuid = {70B7B948-3993-407D-A045-3CCF15E346C2}
	EndGlobalSection
EndGlobal
